{
	"name": "beacon",
	"version": "1.0.0",
	"lockfileVersion": 2,
	"requires": true,
	"packages": {
		"": {
			"name": "beacon",
			"version": "1.0.0",
			"license": "ISC",
			"dependencies": {
				"ble-host": "^1.0.3",
				"dotenv": "^16.0.0",
				"uuid": "^8.3.2"
			}
		},
		"node_modules/bindings": {
			"version": "1.5.0",
			"resolved": "https://registry.npmjs.org/bindings/-/bindings-1.5.0.tgz",
			"integrity": "sha512-p2q/t/mhvuOj/UeLlV6566GD/guowlr0hHxClI0W9m7MWYkL1F0hLo+0Aexs9HSPCtR1SXQ0TD3MMKrXZajbiQ==",
			"optional": true,
			"dependencies": {
				"file-uri-to-path": "1.0.0"
			}
		},
		"node_modules/ble-host": {
			"version": "1.0.3",
			"resolved": "https://registry.npmjs.org/ble-host/-/ble-host-1.0.3.tgz",
			"integrity": "sha512-DBKWrz2dCQzHS4HnPd8pNaXACQpcIN51JmZtuEnmW9dkS0RkM9Jbfu5JyLcr5Iie+9SHvZsCmvG3jHaVAlcxrQ==",
			"optionalDependencies": {
				"hci-socket": "^1.0.0"
			}
		},
		"node_modules/dotenv": {
			"version": "16.0.0",
			"resolved": "https://registry.npmjs.org/dotenv/-/dotenv-16.0.0.tgz",
			"integrity": "sha512-qD9WU0MPM4SWLPJy/r2Be+2WgQj8plChsyrCNQzW/0WjvcJQiKQJ9mH3ZgB3fxbUUxgc/11ZJ0Fi5KiimWGz2Q==",
			"engines": {
				"node": ">=12"
			}
		},
		"node_modules/file-uri-to-path": {
			"version": "1.0.0",
			"resolved": "https://registry.npmjs.org/file-uri-to-path/-/file-uri-to-path-1.0.0.tgz",
			"integrity": "sha512-0Zt+s3L7Vf1biwWZ29aARiVYLx7iMGnEUl9x33fbB/j3jR81u/O2LbqK+Bm1CDSNDKVtJ/YjwY7TUd5SkeLQLw==",
			"optional": true
		},
		"node_modules/hci-socket": {
			"version": "1.0.0",
			"resolved": "https://registry.npmjs.org/hci-socket/-/hci-socket-1.0.0.tgz",
			"integrity": "sha512-gD75SHbPsi9h3671I9u0cWv4Tkbl38eiYrmPnG22eNuPnd7DEbn0QAYJFWVVldx/XhW9Wb7sE3f8+ZlQcYTfWA==",
			"hasInstallScript": true,
			"optional": true,
			"os": [
				"linux"
			],
			"dependencies": {
				"bindings": "~1.5.0",
				"node-addon-api": "^3.0.0"
			}
		},
		"node_modules/node-addon-api": {
			"version": "3.2.1",
			"resolved": "https://registry.npmjs.org/node-addon-api/-/node-addon-api-3.2.1.tgz",
			"integrity": "sha512-mmcei9JghVNDYydghQmeDX8KoAm0FAiYyIcUt/N4nhyAipB17pllZQDOJD2fotxABnt4Mdz+dKTO7eftLg4d0A==",
			"optional": true
		},
		"node_modules/uuid": {
			"version": "8.3.2",
			"resolved": "https://registry.npmjs.org/uuid/-/uuid-8.3.2.tgz",
			"integrity": "sha512-+NYs2QeMWy+GWFOEm9xnn6HCDp0l7QBD7ml8zLUmJ+93Q5NF0NocErnwkTkXVFNiX3/fpC6afS8Dhb/gz7R7eg==",
			"bin": {
				"uuid": "dist/bin/uuid"
			}
		}
	},
	"dependencies": {
		"bindings": {
			"version": "1.5.0",
			"resolved": "https://registry.npmjs.org/bindings/-/bindings-1.5.0.tgz",
			"integrity": "sha512-p2q/t/mhvuOj/UeLlV6566GD/guowlr0hHxClI0W9m7MWYkL1F0hLo+0Aexs9HSPCtR1SXQ0TD3MMKrXZajbiQ==",
			"optional": true,
			"requires": {
				"file-uri-to-path": "1.0.0"
			}
		},
		"ble-host": {
			"version": "1.0.3",
			"resolved": "https://registry.npmjs.org/ble-host/-/ble-host-1.0.3.tgz",
			"integrity": "sha512-DBKWrz2dCQzHS4HnPd8pNaXACQpcIN51JmZtuEnmW9dkS0RkM9Jbfu5JyLcr5Iie+9SHvZsCmvG3jHaVAlcxrQ==",
			"requires": {
				"hci-socket": "^1.0.0"
			}
		},
		"dotenv": {
			"version": "16.0.0",
			"resolved": "https://registry.npmjs.org/dotenv/-/dotenv-16.0.0.tgz",
			"integrity": "sha512-qD9WU0MPM4SWLPJy/r2Be+2WgQj8plChsyrCNQzW/0WjvcJQiKQJ9mH3ZgB3fxbUUxgc/11ZJ0Fi5KiimWGz2Q=="
		},
		"file-uri-to-path": {
			"version": "1.0.0",
			"resolved": "https://registry.npmjs.org/file-uri-to-path/-/file-uri-to-path-1.0.0.tgz",
			"integrity": "sha512-0Zt+s3L7Vf1biwWZ29aARiVYLx7iMGnEUl9x33fbB/j3jR81u/O2LbqK+Bm1CDSNDKVtJ/YjwY7TUd5SkeLQLw==",
			"optional": true
		},
		"hci-socket": {
			"version": "1.0.0",
			"resolved": "https://registry.npmjs.org/hci-socket/-/hci-socket-1.0.0.tgz",
			"integrity": "sha512-gD75SHbPsi9h3671I9u0cWv4Tkbl38eiYrmPnG22eNuPnd7DEbn0QAYJFWVVldx/XhW9Wb7sE3f8+ZlQcYTfWA==",
			"optional": true,
			"requires": {
				"bindings": "~1.5.0",
				"node-addon-api": "^3.0.0"
			}
		},
		"node-addon-api": {
			"version": "3.2.1",
			"resolved": "https://registry.npmjs.org/node-addon-api/-/node-addon-api-3.2.1.tgz",
			"integrity": "sha512-mmcei9JghVNDYydghQmeDX8KoAm0FAiYyIcUt/N4nhyAipB17pllZQDOJD2fotxABnt4Mdz+dKTO7eftLg4d0A==",
			"optional": true
		},
		"uuid": {
			"version": "8.3.2",
			"resolved": "https://registry.npmjs.org/uuid/-/uuid-8.3.2.tgz",
			"integrity": "sha512-+NYs2QeMWy+GWFOEm9xnn6HCDp0l7QBD7ml8zLUmJ+93Q5NF0NocErnwkTkXVFNiX3/fpC6afS8Dhb/gz7R7eg=="
		}
	}
}
